
Microsoft Visual Studio Solution File, Format Version 12.00
# Visual Studio Version 17
VisualStudioVersion = 17.9.34616.47
MinimumVisualStudioVersion = 10.0.40219.1
Project("{9A19103F-16F7-4668-BE54-9A1E7A4F7556}") = "StreamingManagement", "StreamingManagement.csproj", "{BA4E38A7-3360-4D6A-BE03-D7CAB11B3520}"
EndProject
Global
	GlobalSection(SolutionConfigurationPlatforms) = preSolution
		Debug|Any CPU = Debug|Any CPU
		Release|Any CPU = Release|Any CPU
	EndGlobalSection
	GlobalSection(ProjectConfigurationPlatforms) = postSolution
		{BA4E38A7-3360-4D6A-BE03-D7CAB11B3520}.Debug|Any CPU.ActiveCfg = Debug|Any CPU
		{BA4E38A7-3360-4D6A-BE03-D7CAB11B3520}.Debug|Any CPU.Build.0 = Debug|Any CPU
		{BA4E38A7-3360-4D6A-BE03-D7CAB11B3520}.Release|Any CPU.ActiveCfg = Release|Any CPU
		{BA4E38A7-3360-4D6A-BE03-D7CAB11B3520}.Release|Any CPU.Build.0 = Release|Any CPU
	EndGlobalSection
	GlobalSection(SolutionProperties) = preSolution
		HideSolutionNode = FALSE
	EndGlobalSection
	GlobalSection(ExtensibilityGlobals) = postSolution
		SolutionGuid = {3F1F4C11-0683-4AB1-9456-25E378A23784}
	EndGlobalSection
EndGlobal
